// !$*UTF8*$!
{
	archiveVersion = 1;
	classes = {
	};
	objectVersion = 55;
	objects = {

/* Begin PBXBuildFile section */
		E01ECFDD28049B29001FAC58 /* AppDelegate.swift in Sources */ = {isa = PBXBuildFile; fileRef = E01ECFDC28049B29001FAC58 /* AppDelegate.swift */; };
		E01ECFDF28049B29001FAC58 /* SceneDelegate.swift in Sources */ = {isa = PBXBuildFile; fileRef = E01ECFDE28049B29001FAC58 /* SceneDelegate.swift */; };
		E01ECFE128049B29001FAC58 /* ViewController.swift in Sources */ = {isa = PBXBuildFile; fileRef = E01ECFE028049B29001FAC58 /* ViewController.swift */; };
		E01ECFE428049B29001FAC58 /* Main.storyboard in Resources */ = {isa = PBXBuildFile; fileRef = E01ECFE228049B29001FAC58 /* Main.storyboard */; };
		E01ECFE628049B2B001FAC58 /* Assets.xcassets in Resources */ = {isa = PBXBuildFile; fileRef = E01ECFE528049B2B001FAC58 /* Assets.xcassets */; };
		E01ECFE928049B2B001FAC58 /* LaunchScreen.storyboard in Resources */ = {isa = PBXBuildFile; fileRef = E01ECFE728049B2B001FAC58 /* LaunchScreen.storyboard */; };
/* End PBXBuildFile section */

/* Begin PBXFileReference section */
		E01ECFD928049B29001FAC58 /* CallyoContactsExample.app */ = {isa = PBXFileReference; explicitFileType = wrapper.application; includeInIndex = 0; path = CallyoContactsExample.app; sourceTree = BUILT_PRODUCTS_DIR; };
		E01ECFDC28049B29001FAC58 /* AppDelegate.swift */ = {isa = PBXFileReference; lastKnownFileType = sourcecode.swift; path = AppDelegate.swift; sourceTree = "<group>"; };
		E01ECFDE28049B29001FAC58 /* SceneDelegate.swift */ = {isa = PBXFileReference; lastKnownFileType = sourcecode.swift; path = SceneDelegate.swift; sourceTree = "<group>"; };
		E01ECFE028049B29001FAC58 /* ViewController.swift */ = {isa = PBXFileReference; lastKnownFileType = sourcecode.swift; path = ViewController.swift; sourceTree = "<group>"; };
		E01ECFE328049B29001FAC58 /* Base */ = {isa = PBXFileReference; lastKnownFileType = file.storyboard; name = Base; path = Base.lproj/Main.storyboard; sourceTree = "<group>"; };
		E01ECFE528049B2B001FAC58 /* Assets.xcassets */ = {isa = PBXFileReference; lastKnownFileType = folder.assetcatalog; path = Assets.xcassets; sourceTree = "<group>"; };
		E01ECFE828049B2B001FAC58 /* Base */ = {isa = PBXFileReference; lastKnownFileType = file.storyboard; name = Base; path = Base.lproj/LaunchScreen.storyboard; sourceTree = "<group>"; };
		E01ECFEA28049B2B001FAC58 /* Info.plist */ = {isa = PBXFileReference; lastKnownFileType = text.plist.xml; path = Info.plist; sourceTree = "<group>"; };
/* End PBXFileReference section */

/* Begin PBXFrameworksBuildPhase section */
		E01ECFD628049B29001FAC58 /* Frameworks */ = {
			isa = PBXFrameworksBuildPhase;
			buildActionMask = 2147483647;
			files = (
			);
			runOnlyForDeploymentPostprocessing = 0;
		};
/* End PBXFrameworksBuildPhase section */

/* Begin PBXGroup section */
		E01ECFD028049B29001FAC58 = {
			isa = PBXGroup;
			children = (
				E01ECFDB28049B29001FAC58 /* CallyoContactsExample */,
				E01ECFDA28049B29001FAC58 /* Products */,
			);
			sourceTree = "<group>";
		};
		E01ECFDA28049B29001FAC58 /* Products */ = {
			isa = PBXGroup;
			children = (
				E01ECFD928049B29001FAC58 /* CallyoContactsExample.app */,
			);
			name = Products;
			sourceTree = "<group>";
		};
		E01ECFDB28049B29001FAC58 /* CallyoContactsExample */ = {
			isa = PBXGroup;
			children = (
				E08E442B28049BD5000E2E46 /* Delegates */,
				E08E442C28049BDD000E2E46 /* Controllers */,
				E08E442D28049BE7000E2E46 /* Storyboards */,
				E08E442E28049BF9000E2E46 /* Supporting Files */,
			);
			path = CallyoContactsExample;
			sourceTree = "<group>";
		};
		E08E442B28049BD5000E2E46 /* Delegates */ = {
			isa = PBXGroup;
			children = (
				E01ECFDC28049B29001FAC58 /* AppDelegate.swift */,
				E01ECFDE28049B29001FAC58 /* SceneDelegate.swift */,
			);
			path = Delegates;
			sourceTree = "<group>";
		};
		E08E442C28049BDD000E2E46 /* Controllers */ = {
			isa = PBXGroup;
			children = (
				E01ECFE028049B29001FAC58 /* ViewController.swift */,
			);
			path = Controllers;
			sourceTree = "<group>";
		};
		E08E442D28049BE7000E2E46 /* Storyboards */ = {
			isa = PBXGroup;
			children = (
				E01ECFE228049B29001FAC58 /* Main.storyboard */,
				E01ECFE728049B2B001FAC58 /* LaunchScreen.storyboard */,
			);
			path = Storyboards;
			sourceTree = "<group>";
		};
		E08E442E28049BF9000E2E46 /* Supporting Files */ = {
			isa = PBXGroup;
			children = (
				E01ECFE528049B2B001FAC58 /* Assets.xcassets */,
				E01ECFEA28049B2B001FAC58 /* Info.plist */,
			);
			path = "Supporting Files";
			sourceTree = "<group>";
		};
/* End PBXGroup section */

/* Begin PBXNativeTarget section */
		E01ECFD828049B29001FAC58 /* CallyoContactsExample */ = {
			isa = PBXNativeTarget;
			buildConfigurationList = E01ECFED28049B2B001FAC58 /* Build configuration list for PBXNativeTarget "CallyoContactsExample" */;
			buildPhases = (
				E01ECFD528049B29001FAC58 /* Sources */,
				E01ECFD628049B29001FAC58 /* Frameworks */,
				E01ECFD728049B29001FAC58 /* Resources */,
			);
			buildRules = (
			);
			dependencies = (
			);
			name = CallyoContactsExample;
			productName = CallyoContactsExample;
			productReference = E01ECFD928049B29001FAC58 /* CallyoContactsExample.app */;
			productType = "com.apple.product-type.application";
		};
/* End PBXNativeTarget section */

/* Begin PBXProject section */
		E01ECFD128049B29001FAC58 /* Project object */ = {
			isa = PBXProject;
			attributes = {
				BuildIndependentTargetsInParallel = 1;
				LastSwiftUpdateCheck = 1330;
				LastUpgradeCheck = 1330;
				TargetAttributes = {
					E01ECFD828049B29001FAC58 = {
						CreatedOnToolsVersion = 13.3;
					};
				};
			};
			buildConfigurationList = E01ECFD428049B29001FAC58 /* Build configuration list for PBXProject "CallyoContactsExample" */;
			compatibilityVersion = "Xcode 13.0";
			developmentRegion = en;
			hasScannedForEncodings = 0;
			knownRegions = (
				en,
				Base,
			);
			mainGroup = E01ECFD028049B29001FAC58;
			productRefGroup = E01ECFDA28049B29001FAC58 /* Products */;
			projectDirPath = "";
			projectRoot = "";
			targets = (
				E01ECFD828049B29001FAC58 /* CallyoContactsExample */,
			);
		};
/* End PBXProject section */

/* Begin PBXResourcesBuildPhase section */
		E01ECFD728049B29001FAC58 /* Resources */ = {
			isa = PBXResourcesBuildPhase;
			buildActionMask = 2147483647;
			files = (
				E01ECFE928049B2B001FAC58 /* LaunchScreen.storyboard in Resources */,
				E01ECFE628049B2B001FAC58 /* Assets.xcassets in Resources */,
				E01ECFE428049B29001FAC58 /* Main.storyboard in Resources */,
			);
			runOnlyForDeploymentPostprocessing = 0;
		};
/* End PBXResourcesBuildPhase section */

/* Begin PBXSourcesBuildPhase section */
		E01ECFD528049B29001FAC58 /* Sources */ = {
			isa = PBXSourcesBuildPhase;
			buildActionMask = 2147483647;
			files = (
				E01ECFE128049B29001FAC58 /* ViewController.swift in Sources */,
				E01ECFDD28049B29001FAC58 /* AppDelegate.swift in Sources */,
				E01ECFDF28049B29001FAC58 /* SceneDelegate.swift in Sources */,
			);
			runOnlyForDeploymentPostprocessing = 0;
		};
/* End PBXSourcesBuildPhase section */

/* Begin PBXVariantGroup section */
		E01ECFE228049B29001FAC58 /* Main.storyboard */ = {
			isa = PBXVariantGroup;
			children = (
				E01ECFE328049B29001FAC58 /* Base */,
			);
			name = Main.storyboard;
			sourceTree = "<group>";
		};
		E01ECFE728049B2B001FAC58 /* LaunchScreen.storyboard */ = {
			isa = PBXVariantGroup;
			children = (
				E01ECFE828049B2B001FAC58 /* Base */,
			);
			name = LaunchScreen.storyboard;
			sourceTree = "<group>";
		};
/* End PBXVariantGroup section */

/* Begin XCBuildConfiguration section */
		E01ECFEB28049B2B001FAC58 /* Debug */ = {
			isa = XCBuildConfiguration;
			buildSettings = {
				ALWAYS_SEARCH_USER_PATHS = NO;
				CLANG_ANALYZER_NONNULL = YES;
				CLANG_ANALYZER_NUMBER_OBJECT_CONVERSION = YES_AGGRESSIVE;
				CLANG_CXX_LANGUAGE_STANDARD = "gnu++17";
				CLANG_ENABLE_MODULES = YES;
				CLANG_ENABLE_OBJC_ARC = YES;
				CLANG_ENABLE_OBJC_WEAK = YES;
				CLANG_WARN_BLOCK_CAPTURE_AUTORELEASING = YES;
				CLANG_WARN_BOOL_CONVERSION = YES;
				CLANG_WARN_COMMA = YES;
				CLANG_WARN_CONSTANT_CONVERSION = YES;
				CLANG_WARN_DEPRECATED_OBJC_IMPLEMENTATIONS = YES;
				CLANG_WARN_DIRECT_OBJC_ISA_USAGE = YES_ERROR;
				CLANG_WARN_DOCUMENTATION_COMMENTS = YES;
				CLANG_WARN_EMPTY_BODY = YES;
				CLANG_WARN_ENUM_CONVERSION = YES;
				CLANG_WARN_INFINITE_RECURSION = YES;
				CLANG_WARN_INT_CONVERSION = YES;
				CLANG_WARN_NON_LITERAL_NULL_CONVERSION = YES;
				CLANG_WARN_OBJC_IMPLICIT_RETAIN_SELF = YES;
				CLANG_WARN_OBJC_LITERAL_CONVERSION = YES;
				CLANG_WARN_OBJC_ROOT_CLASS = YES_ERROR;
				CLANG_WARN_QUOTED_INCLUDE_IN_FRAMEWORK_HEADER = YES;
				CLANG_WARN_RANGE_LOOP_ANALYSIS = YES;
				CLANG_WARN_STRICT_PROTOTYPES = YES;
				CLANG_WARN_SUSPICIOUS_MOVE = YES;
				CLANG_WARN_UNGUARDED_AVAILABILITY = YES_AGGRESSIVE;
				CLANG_WARN_UNREACHABLE_CODE = YES;
				CLANG_WARN__DUPLICATE_METHOD_MATCH = YES;
				COPY_PHASE_STRIP = NO;
				DEBUG_INFORMATION_FORMAT = dwarf;
				ENABLE_STRICT_OBJC_MSGSEND = YES;
				ENABLE_TESTABILITY = YES;
				GCC_C_LANGUAGE_STANDARD = gnu11;
				GCC_DYNAMIC_NO_PIC = NO;
				GCC_NO_COMMON_BLOCKS = YES;
				GCC_OPTIMIZATION_LEVEL = 0;
				GCC_PREPROCESSOR_DEFINITIONS = (
					"DEBUG=1",
					"$(inherited)",
				);
				GCC_WARN_64_TO_32_BIT_CONVERSION = YES;
				GCC_WARN_ABOUT_RETURN_TYPE = YES_ERROR;
				GCC_WARN_UNDECLARED_SELECTOR = YES;
				GCC_WARN_UNINITIALIZED_AUTOS = YES_AGGRESSIVE;
				GCC_WARN_UNUSED_FUNCTION = YES;
				GCC_WARN_UNUSED_VARIABLE = YES;
				IPHONEOS_DEPLOYMENT_TARGET = 15.4;
				MTL_ENABLE_DEBUG_INFO = INCLUDE_SOURCE;
				MTL_FAST_MATH = YES;
				ONLY_ACTIVE_ARCH = YES;
				SDKROOT = iphoneos;
				SWIFT_ACTIVE_COMPILATION_CONDITIONS = DEBUG;
				SWIFT_OPTIMIZATION_LEVEL = "-Onone";
			};
			name = Debug;
		};
		E01ECFEC28049B2B001FAC58 /* Release */ = {
			isa = XCBuildConfiguration;
			buildSettings = {
				ALWAYS_SEARCH_USER_PATHS = NO;
				CLANG_ANALYZER_NONNULL = YES;
				CLANG_ANALYZER_NUMBER_OBJECT_CONVERSION = YES_AGGRESSIVE;
				CLANG_CXX_LANGUAGE_STANDARD = "gnu++17";
				CLANG_ENABLE_MODULES = YES;
				CLANG_ENABLE_OBJC_ARC = YES;
				CLANG_ENABLE_OBJC_WEAK = YES;
				CLANG_WARN_BLOCK_CAPTURE_AUTORELEASING = YES;
				CLANG_WARN_BOOL_CONVERSION = YES;
				CLANG_WARN_COMMA = YES;
				CLANG_WARN_CONSTANT_CONVERSION = YES;
				CLANG_WARN_DEPRECATED_OBJC_IMPLEMENTATIONS = YES;
				CLANG_WARN_DIRECT_OBJC_ISA_USAGE = YES_ERROR;
				CLANG_WARN_DOCUMENTATION_COMMENTS = YES;
				CLANG_WARN_EMPTY_BODY = YES;
				CLANG_WARN_ENUM_CONVERSION = YES;
				CLANG_WARN_INFINITE_RECURSION = YES;
				CLANG_WARN_INT_CONVERSION = YES;
				CLANG_WARN_NON_LITERAL_NULL_CONVERSION = YES;
				CLANG_WARN_OBJC_IMPLICIT_RETAIN_SELF = YES;
				CLANG_WARN_OBJC_LITERAL_CONVERSION = YES;
				CLANG_WARN_OBJC_ROOT_CLASS = YES_ERROR;
				CLANG_WARN_QUOTED_INCLUDE_IN_FRAMEWORK_HEADER = YES;
				CLANG_WARN_RANGE_LOOP_ANALYSIS = YES;
				CLANG_WARN_STRICT_PROTOTYPES = YES;
				CLANG_WARN_SUSPICIOUS_MOVE = YES;
				CLANG_WARN_UNGUARDED_AVAILABILITY = YES_AGGRESSIVE;
				CLANG_WARN_UNREACHABLE_CODE = YES;
				CLANG_WARN__DUPLICATE_METHOD_MATCH = YES;
				COPY_PHASE_STRIP = NO;
				DEBUG_INFORMATION_FORMAT = "dwarf-with-dsym";
				ENABLE_NS_ASSERTIONS = NO;
				ENABLE_STRICT_OBJC_MSGSEND = YES;
				GCC_C_LANGUAGE_STANDARD = gnu11;
				GCC_NO_COMMON_BLOCKS = YES;
				GCC_WARN_64_TO_32_BIT_CONVERSION = YES;
				GCC_WARN_ABOUT_RETURN_TYPE = YES_ERROR;
				GCC_WARN_UNDECLARED_SELECTOR = YES;
				GCC_WARN_UNINITIALIZED_AUTOS = YES_AGGRESSIVE;
				GCC_WARN_UNUSED_FUNCTION = YES;
				GCC_WARN_UNUSED_VARIABLE = YES;
				IPHONEOS_DEPLOYMENT_TARGET = 15.4;
				MTL_ENABLE_DEBUG_INFO = NO;
				MTL_FAST_MATH = YES;
				SDKROOT = iphoneos;
				SWIFT_COMPILATION_MODE = wholemodule;
				SWIFT_OPTIMIZATION_LEVEL = "-O";
				VALIDATE_PRODUCT = YES;
			};
			name = Release;
		};
		E01ECFEE28049B2B001FAC58 /* Debug */ = {
			isa = XCBuildConfiguration;
			buildSettings = {
				ASSETCATALOG_COMPILER_APPICON_NAME = AppIcon;
				ASSETCATALOG_COMPILER_GLOBAL_ACCENT_COLOR_NAME = AccentColor;
				CODE_SIGN_STYLE = Automatic;
				CURRENT_PROJECT_VERSION = 1;
				DEVELOPMENT_TEAM = JNR8436L9N;
				GENERATE_INFOPLIST_FILE = YES;
				INFOPLIST_FILE = "CallyoContactsExample/Supporting Files/Info.plist";
				INFOPLIST_KEY_UIApplicationSupportsIndirectInputEvents = YES;
				INFOPLIST_KEY_UILaunchStoryboardName = LaunchScreen;
				INFOPLIST_KEY_UIMainStoryboardFile = Main;
				INFOPLIST_KEY_UISupportedInterfaceOrientations_iPad = "UIInterfaceOrientationPortrait UIInterfaceOrientationPortraitUpsideDown UIInterfaceOrientationLandscapeLeft UIInterfaceOrientationLandscapeRight";
				INFOPLIST_KEY_UISupportedInterfaceOrientations_iPhone = "UIInterfaceOrientationPortrait UIInterfaceOrientationLandscapeLeft UIInterfaceOrientationLandscapeRight";
				LD_RUNPATH_SEARCH_PATHS = (
					"$(inherited)",
					"@executable_path/Frameworks",
				);
				MARKETING_VERSION = 1.0;
				PRODUCT_BUNDLE_IDENTIFIER = com.gentlehumsoft.CallyoContactsExample;
				PRODUCT_NAME = "$(TARGET_NAME)";
				SWIFT_EMIT_LOC_STRINGS = YES;
				SWIFT_VERSION = 5.0;
				TARGETED_DEVICE_FAMILY = "1,2";
			};
			name = Debug;
		};
		E01ECFEF28049B2B001FAC58 /* Release */ = {
			isa = XCBuildConfiguration;
			buildSettings = {
				ASSETCATALOG_COMPILER_APPICON_NAME = AppIcon;
				ASSETCATALOG_COMPILER_GLOBAL_ACCENT_COLOR_NAME = AccentColor;
				CODE_SIGN_STYLE = Automatic;
				CURRENT_PROJECT_VERSION = 1;
				DEVELOPMENT_TEAM = JNR8436L9N;
				GENERATE_INFOPLIST_FILE = YES;
				INFOPLIST_FILE = "CallyoContactsExample/Supporting Files/Info.plist";
				INFOPLIST_KEY_UIApplicationSupportsIndirectInputEvents = YES;
				INFOPLIST_KEY_UILaunchStoryboardName = LaunchScreen;
				INFOPLIST_KEY_UIMainStoryboardFile = Main;
				INFOPLIST_KEY_UISupportedInterfaceOrientations_iPad = "UIInterfaceOrientationPortrait UIInterfaceOrientationPortraitUpsideDown UIInterfaceOrientationLandscapeLeft UIInterfaceOrientationLandscapeRight";
				INFOPLIST_KEY_UISupportedInterfaceOrientations_iPhone = "UIInterfaceOrientationPortrait UIInterfaceOrientationLandscapeLeft UIInterfaceOrientationLandscapeRight";
				LD_RUNPATH_SEARCH_PATHS = (
					"$(inherited)",
					"@executable_path/Frameworks",
				);
				MARKETING_VERSION = 1.0;
				PRODUCT_BUNDLE_IDENTIFIER = com.gentlehumsoft.CallyoContactsExample;
				PRODUCT_NAME = "$(TARGET_NAME)";
				SWIFT_EMIT_LOC_STRINGS = YES;
				SWIFT_VERSION = 5.0;
				TARGETED_DEVICE_FAMILY = "1,2";
			};
			name = Release;
		};
/* End XCBuildConfiguration section */

/* Begin XCConfigurationList section */
		E01ECFD428049B29001FAC58 /* Build configuration list for PBXProject "CallyoContactsExample" */ = {
			isa = XCConfigurationList;
			buildConfigurations = (
				E01ECFEB28049B2B001FAC58 /* Debug */,
				E01ECFEC28049B2B001FAC58 /* Release */,
			);
			defaultConfigurationIsVisible = 0;
			defaultConfigurationName = Release;
		};
		E01ECFED28049B2B001FAC58 /* Build configuration list for PBXNativeTarget "CallyoContactsExample" */ = {
			isa = XCConfigurationList;
			buildConfigurations = (
				E01ECFEE28049B2B001FAC58 /* Debug */,
				E01ECFEF28049B2B001FAC58 /* Release */,
			);
			defaultConfigurationIsVisible = 0;
			defaultConfigurationName = Release;
		};
/* End XCConfigurationList section */
	};
	rootObject = E01ECFD128049B29001FAC58 /* Project object */;
}
